Microsoft Visual Studio Solution File, Format Version 11.00
# Visual Studio 2008

Project("{0046DDD2-3A59-5141-20EF-81DC02B7F361}") = "2DGamerino", "Assembly-CSharp.csproj", "{4ABDEB1B-1B73-FFA3-F913-B03CE059750E}"
EndProject
Global
	GlobalSection(SolutionConfigurationPlatforms) = preSolution
		Debug|Any CPU = Debug|Any CPU
		Release|Any CPU = Release|Any CPU
	EndGlobalSection
	GlobalSection(ProjectConfigurationPlatforms) = postSolution
		{4ABDEB1B-1B73-FFA3-F913-B03CE059750E}.Debug|Any CPU.ActiveCfg = Debug|Any CPU
		{4ABDEB1B-1B73-FFA3-F913-B03CE059750E}.Debug|Any CPU.Build.0 = Debug|Any CPU
		{4ABDEB1B-1B73-FFA3-F913-B03CE059750E}.Release|Any CPU.ActiveCfg = Release|Any CPU
		{4ABDEB1B-1B73-FFA3-F913-B03CE059750E}.Release|Any CPU.Build.0 = Release|Any CPU
	EndGlobalSection
	GlobalSection(SolutionProperties) = preSolution
		HideSolutionNode = FALSE
	EndGlobalSection
																																																																																																																																																						GlobalSection(MonoDevelopProperties) = preSolution
		StartupItem = Assembly-CSharp.csproj
		Policies = $0
		$0.TextStylePolicy = $1
		$1.inheritsSet = null
		$1.scope = text/x-csharp
		$0.CSharpFormattingPolicy = $2
		$2.inheritsSet = Mono
		$2.inheritsScope = text/x-csharp
		$2.scope = text/x-csharp
		$0.TextStylePolicy = $3
		$3.FileWidth = 120
		$3.TabWidth = 4
		$3.IndentWidth = 4
		$3.EolMarker = Unix
		$3.inheritsSet = Mono
		$3.inheritsScope = text/plain
		$3.scope = text/plain
	EndGlobalSection

EndGlobal
